
Microsoft Visual Studio Solution File, Format Version 12.00
# Visual Studio Version 16
VisualStudioVersion = 16.0.29911.84
MinimumVisualStudioVersion = 10.0.40219.1
Project("{FAE04EC0-301F-11D3-BF4B-00C04F79EFBC}") = "SimpleCalc", "SimpleCalc\SimpleCalc.csproj", "{7B29E0F3-1357-4931-8CB3-02528544DB59}"
EndProject
Global
	GlobalSection(SolutionConfigurationPlatforms) = preSolution
		Debug|Any CPU = Debug|Any CPU
		Release|Any CPU = Release|Any CPU
	EndGlobalSection
	GlobalSection(ProjectConfigurationPlatforms) = postSolution
		{7B29E0F3-1357-4931-8CB3-02528544DB59}.Debug|Any CPU.ActiveCfg = Debug|Any CPU
		{7B29E0F3-1357-4931-8CB3-02528544DB59}.Debug|Any CPU.Build.0 = Debug|Any CPU
		{7B29E0F3-1357-4931-8CB3-02528544DB59}.Release|Any CPU.ActiveCfg = Release|Any CPU
		{7B29E0F3-1357-4931-8CB3-02528544DB59}.Release|Any CPU.Build.0 = Release|Any CPU
	EndGlobalSection
	GlobalSection(SolutionProperties) = preSolution
		HideSolutionNode = FALSE
	EndGlobalSection
	GlobalSection(ExtensibilityGlobals) = postSolution
		SolutionGuid = {C5108C88-F231-49B4-8754-B1A486A84DC5}
	EndGlobalSection
EndGlobal
