
Microsoft Visual Studio Solution File, Format Version 12.00
# Visual Studio Version 16
VisualStudioVersion = 16.0.29911.84
MinimumVisualStudioVersion = 10.0.40219.1
Project("{FAE04EC0-301F-11D3-BF4B-00C04F79EFBC}") = "SimpleCalc_v2", "SimpleCalc\SimpleCalc_v2.csproj", "{70578BD9-C238-4CB4-9684-1BDDFB3EA98F}"
EndProject
Global
	GlobalSection(SolutionConfigurationPlatforms) = preSolution
		Debug|Any CPU = Debug|Any CPU
		Release|Any CPU = Release|Any CPU
	EndGlobalSection
	GlobalSection(ProjectConfigurationPlatforms) = postSolution
		{70578BD9-C238-4CB4-9684-1BDDFB3EA98F}.Debug|Any CPU.ActiveCfg = Debug|Any CPU
		{70578BD9-C238-4CB4-9684-1BDDFB3EA98F}.Debug|Any CPU.Build.0 = Debug|Any CPU
		{70578BD9-C238-4CB4-9684-1BDDFB3EA98F}.Release|Any CPU.ActiveCfg = Release|Any CPU
		{70578BD9-C238-4CB4-9684-1BDDFB3EA98F}.Release|Any CPU.Build.0 = Release|Any CPU
	EndGlobalSection
	GlobalSection(SolutionProperties) = preSolution
		HideSolutionNode = FALSE
	EndGlobalSection
	GlobalSection(ExtensibilityGlobals) = postSolution
		SolutionGuid = {38ACD0D1-AC7C-45BD-9583-6172595EA153}
	EndGlobalSection
EndGlobal
